
Microsoft Visual Studio Solution File, Format Version 12.00
# Visual Studio Version 16
VisualStudioVersion = 16.0.30621.155
MinimumVisualStudioVersion = 10.0.40219.1
Project("{9A19103F-16F7-4668-BE54-9A1E7A4F7556}") = "Shop.Web", "Shop\Shop.Web.csproj", "{C4ECFEFA-997D-4CA3-A996-586C21278AED}"
EndProject
Project("{9A19103F-16F7-4668-BE54-9A1E7A4F7556}") = "Shop.Services", "Shop.Services\Shop.Services.csproj", "{197F6CA5-5E37-4E75-A1C3-B826CFDD5483}"
EndProject
Project("{9A19103F-16F7-4668-BE54-9A1E7A4F7556}") = "Shop.Repository", "Shop.Repository\Shop.Repository.csproj", "{CD8AEC1F-1CC2-49D4-8745-C62AC6182096}"
EndProject
Project("{9A19103F-16F7-4668-BE54-9A1E7A4F7556}") = "Shop.Entities", "Shop.Entities\Shop.Entities.csproj", "{53888EB6-382A-474C-8C87-71B8047C9CF7}"
EndProject
Global
	GlobalSection(SolutionConfigurationPlatforms) = preSolution
		Ad-Hoc|Any CPU = Ad-Hoc|Any CPU
		Ad-Hoc|ARM = Ad-Hoc|ARM
		Ad-Hoc|iPhone = Ad-Hoc|iPhone
		Ad-Hoc|iPhoneSimulator = Ad-Hoc|iPhoneSimulator
		Ad-Hoc|x64 = Ad-Hoc|x64
		Ad-Hoc|x86 = Ad-Hoc|x86
		AppStore|Any CPU = AppStore|Any CPU
		AppStore|ARM = AppStore|ARM
		AppStore|iPhone = AppStore|iPhone
		AppStore|iPhoneSimulator = AppStore|iPhoneSimulator
		AppStore|x64 = AppStore|x64
		AppStore|x86 = AppStore|x86
		Debug|Any CPU = Debug|Any CPU
		Debug|ARM = Debug|ARM
		Debug|iPhone = Debug|iPhone
		Debug|iPhoneSimulator = Debug|iPhoneSimulator
		Debug|x64 = Debug|x64
		Debug|x86 = Debug|x86
		Release|Any CPU = Release|Any CPU
		Release|ARM = Release|ARM
		Release|iPhone = Release|iPhone
		Release|iPhoneSimulator = Release|iPhoneSimulator
		Release|x64 = Release|x64
		Release|x86 = Release|x86
	EndGlobalSection
	GlobalSection(ProjectConfigurationPlatforms) = postSolution
		{C4ECFEFA-997D-4CA3-A996-586C21278AED}.Ad-Hoc|Any CPU.ActiveCfg = Release|Any CPU
		{C4ECFEFA-997D-4CA3-A996-586C21278AED}.Ad-Hoc|Any CPU.Build.0 = Release|Any CPU
		{C4ECFEFA-997D-4CA3-A996-586C21278AED}.Ad-Hoc|ARM.ActiveCfg = Debug|Any CPU
		{C4ECFEFA-997D-4CA3-A996-586C21278AED}.Ad-Hoc|ARM.Build.0 = Debug|Any CPU
		{C4ECFEFA-997D-4CA3-A996-586C21278AED}.Ad-Hoc|iPhone.ActiveCfg = Release|Any CPU
		{C4ECFEFA-997D-4CA3-A996-586C21278AED}.Ad-Hoc|iPhone.Build.0 = Release|Any CPU
		{C4ECFEFA-997D-4CA3-A996-586C21278AED}.Ad-Hoc|iPhoneSimulator.ActiveCfg = Release|Any CPU
		{C4ECFEFA-997D-4CA3-A996-586C21278AED}.Ad-Hoc|iPhoneSimulator.Build.0 = Release|Any CPU
		{C4ECFEFA-997D-4CA3-A996-586C21278AED}.Ad-Hoc|x64.ActiveCfg = Debug|Any CPU
		{C4ECFEFA-997D-4CA3-A996-586C21278AED}.Ad-Hoc|x64.Build.0 = Debug|Any CPU
		{C4ECFEFA-997D-4CA3-A996-586C21278AED}.Ad-Hoc|x86.ActiveCfg = Debug|Any CPU
		{C4ECFEFA-997D-4CA3-A996-586C21278AED}.Ad-Hoc|x86.Build.0 = Debug|Any CPU
		{C4ECFEFA-997D-4CA3-A996-586C21278AED}.AppStore|Any CPU.ActiveCfg = Release|Any CPU
		{C4ECFEFA-997D-4CA3-A996-586C21278AED}.AppStore|Any CPU.Build.0 = Release|Any CPU
		{C4ECFEFA-997D-4CA3-A996-586C21278AED}.AppStore|ARM.ActiveCfg = Debug|Any CPU
		{C4ECFEFA-997D-4CA3-A996-586C21278AED}.AppStore|ARM.Build.0 = Debug|Any CPU
		{C4ECFEFA-997D-4CA3-A996-586C21278AED}.AppStore|iPhone.ActiveCfg = Release|Any CPU
		{C4ECFEFA-997D-4CA3-A996-586C21278AED}.AppStore|iPhone.Build.0 = Release|Any CPU
		{C4ECFEFA-997D-4CA3-A996-586C21278AED}.AppStore|iPhoneSimulator.ActiveCfg = Release|Any CPU
		{C4ECFEFA-997D-4CA3-A996-586C21278AED}.AppStore|iPhoneSimulator.Build.0 = Release|Any CPU
		{C4ECFEFA-997D-4CA3-A996-586C21278AED}.AppStore|x64.ActiveCfg = Debug|Any CPU
		{C4ECFEFA-997D-4CA3-A996-586C21278AED}.AppStore|x64.Build.0 = Debug|Any CPU
		{C4ECFEFA-997D-4CA3-A996-586C21278AED}.AppStore|x86.ActiveCfg = Debug|Any CPU
		{C4ECFEFA-997D-4CA3-A996-586C21278AED}.AppStore|x86.Build.0 = Debug|Any CPU
		{C4ECFEFA-997D-4CA3-A996-586C21278AED}.Debug|Any CPU.ActiveCfg = Debug|Any CPU
		{C4ECFEFA-997D-4CA3-A996-586C21278AED}.Debug|Any CPU.Build.0 = Debug|Any CPU
		{C4ECFEFA-997D-4CA3-A996-586C21278AED}.Debug|ARM.ActiveCfg = Debug|Any CPU
		{C4ECFEFA-997D-4CA3-A996-586C21278AED}.Debug|ARM.Build.0 = Debug|Any CPU
		{C4ECFEFA-997D-4CA3-A996-586C21278AED}.Debug|iPhone.ActiveCfg = Debug|Any CPU
		{C4ECFEFA-997D-4CA3-A996-586C21278AED}.Debug|iPhone.Build.0 = Debug|Any CPU
		{C4ECFEFA-997D-4CA3-A996-586C21278AED}.Debug|iPhoneSimulator.ActiveCfg = Debug|Any CPU
		{C4ECFEFA-997D-4CA3-A996-586C21278AED}.Debug|iPhoneSimulator.Build.0 = Debug|Any CPU
		{C4ECFEFA-997D-4CA3-A996-586C21278AED}.Debug|x64.ActiveCfg = Debug|Any CPU
		{C4ECFEFA-997D-4CA3-A996-586C21278AED}.Debug|x64.Build.0 = Debug|Any CPU
		{C4ECFEFA-997D-4CA3-A996-586C21278AED}.Debug|x86.ActiveCfg = Debug|Any CPU
		{C4ECFEFA-997D-4CA3-A996-586C21278AED}.Debug|x86.Build.0 = Debug|Any CPU
		{C4ECFEFA-997D-4CA3-A996-586C21278AED}.Release|Any CPU.ActiveCfg = Release|Any CPU
		{C4ECFEFA-997D-4CA3-A996-586C21278AED}.Release|Any CPU.Build.0 = Release|Any CPU
		{C4ECFEFA-997D-4CA3-A996-586C21278AED}.Release|ARM.ActiveCfg = Release|Any CPU
		{C4ECFEFA-997D-4CA3-A996-586C21278AED}.Release|ARM.Build.0 = Release|Any CPU
		{C4ECFEFA-997D-4CA3-A996-586C21278AED}.Release|iPhone.ActiveCfg = Release|Any CPU
		{C4ECFEFA-997D-4CA3-A996-586C21278AED}.Release|iPhone.Build.0 = Release|Any CPU
		{C4ECFEFA-997D-4CA3-A996-586C21278AED}.Release|iPhoneSimulator.ActiveCfg = Release|Any CPU
		{C4ECFEFA-997D-4CA3-A996-586C21278AED}.Release|iPhoneSimulator.Build.0 = Release|Any CPU
		{C4ECFEFA-997D-4CA3-A996-586C21278AED}.Release|x64.ActiveCfg = Release|Any CPU
		{C4ECFEFA-997D-4CA3-A996-586C21278AED}.Release|x64.Build.0 = Release|Any CPU
		{C4ECFEFA-997D-4CA3-A996-586C21278AED}.Release|x86.ActiveCfg = Release|Any CPU
		{C4ECFEFA-997D-4CA3-A996-586C21278AED}.Release|x86.Build.0 = Release|Any CPU
		{197F6CA5-5E37-4E75-A1C3-B826CFDD5483}.Ad-Hoc|Any CPU.ActiveCfg = Release|Any CPU
		{197F6CA5-5E37-4E75-A1C3-B826CFDD5483}.Ad-Hoc|Any CPU.Build.0 = Release|Any CPU
		{197F6CA5-5E37-4E75-A1C3-B826CFDD5483}.Ad-Hoc|ARM.ActiveCfg = Debug|Any CPU
		{197F6CA5-5E37-4E75-A1C3-B826CFDD5483}.Ad-Hoc|ARM.Build.0 = Debug|Any CPU
		{197F6CA5-5E37-4E75-A1C3-B826CFDD5483}.Ad-Hoc|iPhone.ActiveCfg = Release|Any CPU
		{197F6CA5-5E37-4E75-A1C3-B826CFDD5483}.Ad-Hoc|iPhone.Build.0 = Release|Any CPU
		{197F6CA5-5E37-4E75-A1C3-B826CFDD5483}.Ad-Hoc|iPhoneSimulator.ActiveCfg = Release|Any CPU
		{197F6CA5-5E37-4E75-A1C3-B826CFDD5483}.Ad-Hoc|iPhoneSimulator.Build.0 = Release|Any CPU
		{197F6CA5-5E37-4E75-A1C3-B826CFDD5483}.Ad-Hoc|x64.ActiveCfg = Debug|Any CPU
		{197F6CA5-5E37-4E75-A1C3-B826CFDD5483}.Ad-Hoc|x64.Build.0 = Debug|Any CPU
		{197F6CA5-5E37-4E75-A1C3-B826CFDD5483}.Ad-Hoc|x86.ActiveCfg = Debug|Any CPU
		{197F6CA5-5E37-4E75-A1C3-B826CFDD5483}.Ad-Hoc|x86.Build.0 = Debug|Any CPU
		{197F6CA5-5E37-4E75-A1C3-B826CFDD5483}.AppStore|Any CPU.ActiveCfg = Release|Any CPU
		{197F6CA5-5E37-4E75-A1C3-B826CFDD5483}.AppStore|Any CPU.Build.0 = Release|Any CPU
		{197F6CA5-5E37-4E75-A1C3-B826CFDD5483}.AppStore|ARM.ActiveCfg = Debug|Any CPU
		{197F6CA5-5E37-4E75-A1C3-B826CFDD5483}.AppStore|ARM.Build.0 = Debug|Any CPU
		{197F6CA5-5E37-4E75-A1C3-B826CFDD5483}.AppStore|iPhone.ActiveCfg = Release|Any CPU
		{197F6CA5-5E37-4E75-A1C3-B826CFDD5483}.AppStore|iPhone.Build.0 = Release|Any CPU
		{197F6CA5-5E37-4E75-A1C3-B826CFDD5483}.AppStore|iPhoneSimulator.ActiveCfg = Release|Any CPU
		{197F6CA5-5E37-4E75-A1C3-B826CFDD5483}.AppStore|iPhoneSimulator.Build.0 = Release|Any CPU
		{197F6CA5-5E37-4E75-A1C3-B826CFDD5483}.AppStore|x64.ActiveCfg = Debug|Any CPU
		{197F6CA5-5E37-4E75-A1C3-B826CFDD5483}.AppStore|x64.Build.0 = Debug|Any CPU
		{197F6CA5-5E37-4E75-A1C3-B826CFDD5483}.AppStore|x86.ActiveCfg = Debug|Any CPU
		{197F6CA5-5E37-4E75-A1C3-B826CFDD5483}.AppStore|x86.Build.0 = Debug|Any CPU
		{197F6CA5-5E37-4E75-A1C3-B826CFDD5483}.Debug|Any CPU.ActiveCfg = Debug|Any CPU
		{197F6CA5-5E37-4E75-A1C3-B826CFDD5483}.Debug|Any CPU.Build.0 = Debug|Any CPU
		{197F6CA5-5E37-4E75-A1C3-B826CFDD5483}.Debug|ARM.ActiveCfg = Debug|Any CPU
		{197F6CA5-5E37-4E75-A1C3-B826CFDD5483}.Debug|ARM.Build.0 = Debug|Any CPU
		{197F6CA5-5E37-4E75-A1C3-B826CFDD5483}.Debug|iPhone.ActiveCfg = Debug|Any CPU
		{197F6CA5-5E37-4E75-A1C3-B826CFDD5483}.Debug|iPhone.Build.0 = Debug|Any CPU
		{197F6CA5-5E37-4E75-A1C3-B826CFDD5483}.Debug|iPhoneSimulator.ActiveCfg = Debug|Any CPU
		{197F6CA5-5E37-4E75-A1C3-B826CFDD5483}.Debug|iPhoneSimulator.Build.0 = Debug|Any CPU
		{197F6CA5-5E37-4E75-A1C3-B826CFDD5483}.Debug|x64.ActiveCfg = Debug|Any CPU
		{197F6CA5-5E37-4E75-A1C3-B826CFDD5483}.Debug|x64.Build.0 = Debug|Any CPU
		{197F6CA5-5E37-4E75-A1C3-B826CFDD5483}.Debug|x86.ActiveCfg = Debug|Any CPU
		{197F6CA5-5E37-4E75-A1C3-B826CFDD5483}.Debug|x86.Build.0 = Debug|Any CPU
		{197F6CA5-5E37-4E75-A1C3-B826CFDD5483}.Release|Any CPU.ActiveCfg = Release|Any CPU
		{197F6CA5-5E37-4E75-A1C3-B826CFDD5483}.Release|Any CPU.Build.0 = Release|Any CPU
		{197F6CA5-5E37-4E75-A1C3-B826CFDD5483}.Release|ARM.ActiveCfg = Release|Any CPU
		{197F6CA5-5E37-4E75-A1C3-B826CFDD5483}.Release|ARM.Build.0 = Release|Any CPU
		{197F6CA5-5E37-4E75-A1C3-B826CFDD5483}.Release|iPhone.ActiveCfg = Release|Any CPU
		{197F6CA5-5E37-4E75-A1C3-B826CFDD5483}.Release|iPhone.Build.0 = Release|Any CPU
		{197F6CA5-5E37-4E75-A1C3-B826CFDD5483}.Release|iPhoneSimulator.ActiveCfg = Release|Any CPU
		{197F6CA5-5E37-4E75-A1C3-B826CFDD5483}.Release|iPhoneSimulator.Build.0 = Release|Any CPU
		{197F6CA5-5E37-4E75-A1C3-B826CFDD5483}.Release|x64.ActiveCfg = Release|Any CPU
		{197F6CA5-5E37-4E75-A1C3-B826CFDD5483}.Release|x64.Build.0 = Release|Any CPU
		{197F6CA5-5E37-4E75-A1C3-B826CFDD5483}.Release|x86.ActiveCfg = Release|Any CPU
		{197F6CA5-5E37-4E75-A1C3-B826CFDD5483}.Release|x86.Build.0 = Release|Any CPU
		{CD8AEC1F-1CC2-49D4-8745-C62AC6182096}.Ad-Hoc|Any CPU.ActiveCfg = Release|Any CPU
		{CD8AEC1F-1CC2-49D4-8745-C62AC6182096}.Ad-Hoc|Any CPU.Build.0 = Release|Any CPU
		{CD8AEC1F-1CC2-49D4-8745-C62AC6182096}.Ad-Hoc|ARM.ActiveCfg = Debug|Any CPU
		{CD8AEC1F-1CC2-49D4-8745-C62AC6182096}.Ad-Hoc|ARM.Build.0 = Debug|Any CPU
		{CD8AEC1F-1CC2-49D4-8745-C62AC6182096}.Ad-Hoc|iPhone.ActiveCfg = Release|Any CPU
		{CD8AEC1F-1CC2-49D4-8745-C62AC6182096}.Ad-Hoc|iPhone.Build.0 = Release|Any CPU
		{CD8AEC1F-1CC2-49D4-8745-C62AC6182096}.Ad-Hoc|iPhoneSimulator.ActiveCfg = Release|Any CPU
		{CD8AEC1F-1CC2-49D4-8745-C62AC6182096}.Ad-Hoc|iPhoneSimulator.Build.0 = Release|Any CPU
		{CD8AEC1F-1CC2-49D4-8745-C62AC6182096}.Ad-Hoc|x64.ActiveCfg = Debug|Any CPU
		{CD8AEC1F-1CC2-49D4-8745-C62AC6182096}.Ad-Hoc|x64.Build.0 = Debug|Any CPU
		{CD8AEC1F-1CC2-49D4-8745-C62AC6182096}.Ad-Hoc|x86.ActiveCfg = Debug|Any CPU
		{CD8AEC1F-1CC2-49D4-8745-C62AC6182096}.Ad-Hoc|x86.Build.0 = Debug|Any CPU
		{CD8AEC1F-1CC2-49D4-8745-C62AC6182096}.AppStore|Any CPU.ActiveCfg = Release|Any CPU
		{CD8AEC1F-1CC2-49D4-8745-C62AC6182096}.AppStore|Any CPU.Build.0 = Release|Any CPU
		{CD8AEC1F-1CC2-49D4-8745-C62AC6182096}.AppStore|ARM.ActiveCfg = Debug|Any CPU
		{CD8AEC1F-1CC2-49D4-8745-C62AC6182096}.AppStore|ARM.Build.0 = Debug|Any CPU
		{CD8AEC1F-1CC2-49D4-8745-C62AC6182096}.AppStore|iPhone.ActiveCfg = Release|Any CPU
		{CD8AEC1F-1CC2-49D4-8745-C62AC6182096}.AppStore|iPhone.Build.0 = Release|Any CPU
		{CD8AEC1F-1CC2-49D4-8745-C62AC6182096}.AppStore|iPhoneSimulator.ActiveCfg = Release|Any CPU
		{CD8AEC1F-1CC2-49D4-8745-C62AC6182096}.AppStore|iPhoneSimulator.Build.0 = Release|Any CPU
		{CD8AEC1F-1CC2-49D4-8745-C62AC6182096}.AppStore|x64.ActiveCfg = Debug|Any CPU
		{CD8AEC1F-1CC2-49D4-8745-C62AC6182096}.AppStore|x64.Build.0 = Debug|Any CPU
		{CD8AEC1F-1CC2-49D4-8745-C62AC6182096}.AppStore|x86.ActiveCfg = Debug|Any CPU
		{CD8AEC1F-1CC2-49D4-8745-C62AC6182096}.AppStore|x86.Build.0 = Debug|Any CPU
		{CD8AEC1F-1CC2-49D4-8745-C62AC6182096}.Debug|Any CPU.ActiveCfg = Debug|Any CPU
		{CD8AEC1F-1CC2-49D4-8745-C62AC6182096}.Debug|Any CPU.Build.0 = Debug|Any CPU
		{CD8AEC1F-1CC2-49D4-8745-C62AC6182096}.Debug|ARM.ActiveCfg = Debug|Any CPU
		{CD8AEC1F-1CC2-49D4-8745-C62AC6182096}.Debug|ARM.Build.0 = Debug|Any CPU
		{CD8AEC1F-1CC2-49D4-8745-C62AC6182096}.Debug|iPhone.ActiveCfg = Debug|Any CPU
		{CD8AEC1F-1CC2-49D4-8745-C62AC6182096}.Debug|iPhone.Build.0 = Debug|Any CPU
		{CD8AEC1F-1CC2-49D4-8745-C62AC6182096}.Debug|iPhoneSimulator.ActiveCfg = Debug|Any CPU
		{CD8AEC1F-1CC2-49D4-8745-C62AC6182096}.Debug|iPhoneSimulator.Build.0 = Debug|Any CPU
		{CD8AEC1F-1CC2-49D4-8745-C62AC6182096}.Debug|x64.ActiveCfg = Debug|Any CPU
		{CD8AEC1F-1CC2-49D4-8745-C62AC6182096}.Debug|x64.Build.0 = Debug|Any CPU
		{CD8AEC1F-1CC2-49D4-8745-C62AC6182096}.Debug|x86.ActiveCfg = Debug|Any CPU
		{CD8AEC1F-1CC2-49D4-8745-C62AC6182096}.Debug|x86.Build.0 = Debug|Any CPU
		{CD8AEC1F-1CC2-49D4-8745-C62AC6182096}.Release|Any CPU.ActiveCfg = Release|Any CPU
		{CD8AEC1F-1CC2-49D4-8745-C62AC6182096}.Release|Any CPU.Build.0 = Release|Any CPU
		{CD8AEC1F-1CC2-49D4-8745-C62AC6182096}.Release|ARM.ActiveCfg = Release|Any CPU
		{CD8AEC1F-1CC2-49D4-8745-C62AC6182096}.Release|ARM.Build.0 = Release|Any CPU
		{CD8AEC1F-1CC2-49D4-8745-C62AC6182096}.Release|iPhone.ActiveCfg = Release|Any CPU
		{CD8AEC1F-1CC2-49D4-8745-C62AC6182096}.Release|iPhone.Build.0 = Release|Any CPU
		{CD8AEC1F-1CC2-49D4-8745-C62AC6182096}.Release|iPhoneSimulator.ActiveCfg = Release|Any CPU
		{CD8AEC1F-1CC2-49D4-8745-C62AC6182096}.Release|iPhoneSimulator.Build.0 = Release|Any CPU
		{CD8AEC1F-1CC2-49D4-8745-C62AC6182096}.Release|x64.ActiveCfg = Release|Any CPU
		{CD8AEC1F-1CC2-49D4-8745-C62AC6182096}.Release|x64.Build.0 = Release|Any CPU
		{CD8AEC1F-1CC2-49D4-8745-C62AC6182096}.Release|x86.ActiveCfg = Release|Any CPU
		{CD8AEC1F-1CC2-49D4-8745-C62AC6182096}.Release|x86.Build.0 = Release|Any CPU
		{53888EB6-382A-474C-8C87-71B8047C9CF7}.Ad-Hoc|Any CPU.ActiveCfg = Release|Any CPU
		{53888EB6-382A-474C-8C87-71B8047C9CF7}.Ad-Hoc|Any CPU.Build.0 = Release|Any CPU
		{53888EB6-382A-474C-8C87-71B8047C9CF7}.Ad-Hoc|ARM.ActiveCfg = Debug|Any CPU
		{53888EB6-382A-474C-8C87-71B8047C9CF7}.Ad-Hoc|ARM.Build.0 = Debug|Any CPU
		{53888EB6-382A-474C-8C87-71B8047C9CF7}.Ad-Hoc|iPhone.ActiveCfg = Release|Any CPU
		{53888EB6-382A-474C-8C87-71B8047C9CF7}.Ad-Hoc|iPhone.Build.0 = Release|Any CPU
		{53888EB6-382A-474C-8C87-71B8047C9CF7}.Ad-Hoc|iPhoneSimulator.ActiveCfg = Release|Any CPU
		{53888EB6-382A-474C-8C87-71B8047C9CF7}.Ad-Hoc|iPhoneSimulator.Build.0 = Release|Any CPU
		{53888EB6-382A-474C-8C87-71B8047C9CF7}.Ad-Hoc|x64.ActiveCfg = Debug|Any CPU
		{53888EB6-382A-474C-8C87-71B8047C9CF7}.Ad-Hoc|x64.Build.0 = Debug|Any CPU
		{53888EB6-382A-474C-8C87-71B8047C9CF7}.Ad-Hoc|x86.ActiveCfg = Debug|Any CPU
		{53888EB6-382A-474C-8C87-71B8047C9CF7}.Ad-Hoc|x86.Build.0 = Debug|Any CPU
		{53888EB6-382A-474C-8C87-71B8047C9CF7}.AppStore|Any CPU.ActiveCfg = Release|Any CPU
		{53888EB6-382A-474C-8C87-71B8047C9CF7}.AppStore|Any CPU.Build.0 = Release|Any CPU
		{53888EB6-382A-474C-8C87-71B8047C9CF7}.AppStore|ARM.ActiveCfg = Debug|Any CPU
		{53888EB6-382A-474C-8C87-71B8047C9CF7}.AppStore|ARM.Build.0 = Debug|Any CPU
		{53888EB6-382A-474C-8C87-71B8047C9CF7}.AppStore|iPhone.ActiveCfg = Release|Any CPU
		{53888EB6-382A-474C-8C87-71B8047C9CF7}.AppStore|iPhone.Build.0 = Release|Any CPU
		{53888EB6-382A-474C-8C87-71B8047C9CF7}.AppStore|iPhoneSimulator.ActiveCfg = Release|Any CPU
		{53888EB6-382A-474C-8C87-71B8047C9CF7}.AppStore|iPhoneSimulator.Build.0 = Release|Any CPU
		{53888EB6-382A-474C-8C87-71B8047C9CF7}.AppStore|x64.ActiveCfg = Debug|Any CPU
		{53888EB6-382A-474C-8C87-71B8047C9CF7}.AppStore|x64.Build.0 = Debug|Any CPU
		{53888EB6-382A-474C-8C87-71B8047C9CF7}.AppStore|x86.ActiveCfg = Debug|Any CPU
		{53888EB6-382A-474C-8C87-71B8047C9CF7}.AppStore|x86.Build.0 = Debug|Any CPU
		{53888EB6-382A-474C-8C87-71B8047C9CF7}.Debug|Any CPU.ActiveCfg = Debug|Any CPU
		{53888EB6-382A-474C-8C87-71B8047C9CF7}.Debug|Any CPU.Build.0 = Debug|Any CPU
		{53888EB6-382A-474C-8C87-71B8047C9CF7}.Debug|ARM.ActiveCfg = Debug|Any CPU
		{53888EB6-382A-474C-8C87-71B8047C9CF7}.Debug|ARM.Build.0 = Debug|Any CPU
		{53888EB6-382A-474C-8C87-71B8047C9CF7}.Debug|iPhone.ActiveCfg = Debug|Any CPU
		{53888EB6-382A-474C-8C87-71B8047C9CF7}.Debug|iPhone.Build.0 = Debug|Any CPU
		{53888EB6-382A-474C-8C87-71B8047C9CF7}.Debug|iPhoneSimulator.ActiveCfg = Debug|Any CPU
		{53888EB6-382A-474C-8C87-71B8047C9CF7}.Debug|iPhoneSimulator.Build.0 = Debug|Any CPU
		{53888EB6-382A-474C-8C87-71B8047C9CF7}.Debug|x64.ActiveCfg = Debug|Any CPU
		{53888EB6-382A-474C-8C87-71B8047C9CF7}.Debug|x64.Build.0 = Debug|Any CPU
		{53888EB6-382A-474C-8C87-71B8047C9CF7}.Debug|x86.ActiveCfg = Debug|Any CPU
		{53888EB6-382A-474C-8C87-71B8047C9CF7}.Debug|x86.Build.0 = Debug|Any CPU
		{53888EB6-382A-474C-8C87-71B8047C9CF7}.Release|Any CPU.ActiveCfg = Release|Any CPU
		{53888EB6-382A-474C-8C87-71B8047C9CF7}.Release|Any CPU.Build.0 = Release|Any CPU
		{53888EB6-382A-474C-8C87-71B8047C9CF7}.Release|ARM.ActiveCfg = Release|Any CPU
		{53888EB6-382A-474C-8C87-71B8047C9CF7}.Release|ARM.Build.0 = Release|Any CPU
		{53888EB6-382A-474C-8C87-71B8047C9CF7}.Release|iPhone.ActiveCfg = Release|Any CPU
		{53888EB6-382A-474C-8C87-71B8047C9CF7}.Release|iPhone.Build.0 = Release|Any CPU
		{53888EB6-382A-474C-8C87-71B8047C9CF7}.Release|iPhoneSimulator.ActiveCfg = Release|Any CPU
		{53888EB6-382A-474C-8C87-71B8047C9CF7}.Release|iPhoneSimulator.Build.0 = Release|Any CPU
		{53888EB6-382A-474C-8C87-71B8047C9CF7}.Release|x64.ActiveCfg = Release|Any CPU
		{53888EB6-382A-474C-8C87-71B8047C9CF7}.Release|x64.Build.0 = Release|Any CPU
		{53888EB6-382A-474C-8C87-71B8047C9CF7}.Release|x86.ActiveCfg = Release|Any CPU
		{53888EB6-382A-474C-8C87-71B8047C9CF7}.Release|x86.Build.0 = Release|Any CPU
	EndGlobalSection
	GlobalSection(SolutionProperties) = preSolution
		HideSolutionNode = FALSE
	EndGlobalSection
	GlobalSection(ExtensibilityGlobals) = postSolution
		SolutionGuid = {C24E97E9-7751-403A-8F70-94E46DBF6021}
	EndGlobalSection
EndGlobal
